{
  "version": 4,
  "terraform_version": "1.6.3",
  "serial": 4,
  "lineage": "e918a937-397e-2543-9601-1dd7c5d18ea4",
  "outputs": {
    "external_ip_address_vm_1": {
      "value": "158.160.119.236",
      "type": "string"
    },
    "internal_ip_address_vm_1": {
      "value": "192.168.10.18",
      "type": "string"
    }
  },
  "resources": [
    {
      "mode": "data",
      "type": "yandex_compute_image",
      "name": "my-ubuntu-2004-1",
      "provider": "provider[\"registry.terraform.io/yandex-cloud/yandex\"]",
      "instances": [
        {
          "schema_version": 0,
          "attributes": {
            "created_at": "2023-11-06T10:53:00Z",
            "description": "ubuntu 20.04 lts",
            "family": "ubuntu-2004-lts",
            "folder_id": "standard-images",
            "id": "fd8pf6624ff60n2pa1qk",
            "image_id": "fd8pf6624ff60n2pa1qk",
            "labels": {},
            "min_disk_size": 5,
            "name": "ubuntu-20-04-lts-v20231106",
            "os_type": "linux",
            "pooled": true,
            "product_ids": [
              "f2ei1irbvd3hbfhbue6s"
            ],
            "size": 4,
            "status": "ready"
          },
          "sensitive_attributes": []
        }
      ]
    },
    {
      "mode": "managed",
      "type": "yandex_compute_instance",
      "name": "my-vm-1",
      "provider": "provider[\"registry.terraform.io/yandex-cloud/yandex\"]",
      "instances": [
        {
          "schema_version": 1,
          "attributes": {
            "allow_recreate": null,
            "allow_stopping_for_update": null,
            "boot_disk": [
              {
                "auto_delete": true,
                "device_name": "fhm2398jg9k1jatbn64q",
                "disk_id": "fhm2398jg9k1jatbn64q",
                "initialize_params": [
                  {
                    "block_size": 4096,
                    "description": "",
                    "image_id": "fd8pf6624ff60n2pa1qk",
                    "name": "",
                    "size": 5,
                    "snapshot_id": "",
                    "type": "network-hdd"
                  }
                ],
                "mode": "READ_WRITE"
              }
            ],
            "created_at": "2023-11-12T15:02:41Z",
            "description": "",
            "filesystem": [],
            "folder_id": "b1gcd0u555lhjecu216h",
            "fqdn": "fhmfa65421tbnjgibqf9.auto.internal",
            "gpu_cluster_id": "",
            "hostname": "",
            "id": "fhmfa65421tbnjgibqf9",
            "labels": null,
            "local_disk": [],
            "metadata": {
              "ssh-keys": "ubuntu:ssh-rsa AAAAB3NzaC1yc2EAAAADAQABAAABgQCQD8UagfHD4b3p6gxxoZbj2H2os4YDOJwugcNokbR1AdhZs1X6jeov9VbUZGKRG3osKueCAVNxD/beTPX84reb1xlqS2/ZLSl8fteF5pis5zo2le4hWRDw3Egft79Sz9E34LDpdPRp4XNnml+tDFMHl7eERoHpW+Uyn+Z8IFgTw7v2R+6ekRheQ9FRYmxjG5zCE18WxD2bAMDZ1ckmvcfzFlT3AzIfplUi4cjV8AW212JnkFkr5PJvSzdY2DEHXsZubYCdY0oDs95tSccT9o7hbmSdeXRZDUYRZ2UwbsuTcvlBArn1a3f0AlqnOYWepY1dXhqBiM3O3SK9zdzjz708qtSZ+NWYN/fal9lFmMefdeB9re2+6ffyKxoEjAgqwEkQyUMmvZRZON9kPDVp+J/g9vrCndn36flLQiHYAnN/02sqRTLE9P6/taXK2QWUcRHSyB5uHNPr3tVioSQtim6k5hI96YqfFAXzAchTsnoBnhO0TkLLbDNeUC6Ge63cvPc= aleks@Ubuntu-test\n",
              "user-data": "#cloud-config\nwrite_files:\n  - path: /var/lib/cloud/scripts/per-boot/01-run-react-website.sh\n    permissions: '0555'\n    content: |\n      #!/bin/bash\n      exec \u003e /home/ubuntu/user-data.log 2\u003e\u00261\n      curl -sS https://dl.yarnpkg.com/debian/pubkey.gpg | sudo apt-key add -\n      echo \"deb https://dl.yarnpkg.com/debian/ stable main\" | sudo tee /etc/apt/sources.list.d/yarn.list\n      sudo apt update -y \u0026\u0026 sudo apt install yarn nodejs npm git -y\n      cd /home/ubuntu/\n      git clone https://gitlab.com/LaGGeR88/skillbox-depoly-blue-green\n      cd /home/ubuntu/skillbox-depoly-blue-green\n      npm install\n      myip=`curl http://169.254.169.254/latest/meta-data/local-ipv4`\n      sudo npm install pm2 -g\n      export PORT=80\n      sed -i 's|Test of revert|'$myip'|g' src/App.js\n      yarn start \u0026\n"
            },
            "metadata_options": [
              {
                "aws_v1_http_endpoint": 1,
                "aws_v1_http_token": 2,
                "gce_http_endpoint": 1,
                "gce_http_token": 1
              }
            ],
            "name": "test-vm-1",
            "network_acceleration_type": "standard",
            "network_interface": [
              {
                "dns_record": [],
                "index": 0,
                "ip_address": "192.168.10.18",
                "ipv4": true,
                "ipv6": false,
                "ipv6_address": "",
                "ipv6_dns_record": [],
                "mac_address": "d0:0d:f5:18:a4:10",
                "nat": true,
                "nat_dns_record": [],
                "nat_ip_address": "158.160.119.236",
                "nat_ip_version": "IPV4",
                "security_group_ids": [],
                "subnet_id": "e9b5hedrqhbudrhl1gjp"
              }
            ],
            "placement_policy": [
              {
                "host_affinity_rules": [],
                "placement_group_id": ""
              }
            ],
            "platform_id": "standard-v1",
            "resources": [
              {
                "core_fraction": 100,
                "cores": 2,
                "gpus": 0,
                "memory": 2
              }
            ],
            "scheduling_policy": [
              {
                "preemptible": false
              }
            ],
            "secondary_disk": [],
            "service_account_id": "",
            "status": "running",
            "timeouts": null,
            "zone": "ru-central1-a"
          },
          "sensitive_attributes": [],
          "private": "eyJlMmJmYjczMC1lY2FhLTExZTYtOGY4OC0zNDM2M2JjN2M0YzAiOnsiY3JlYXRlIjozMDAwMDAwMDAwMDAsImRlbGV0ZSI6MzAwMDAwMDAwMDAwLCJ1cGRhdGUiOjMwMDAwMDAwMDAwMH0sInNjaGVtYV92ZXJzaW9uIjoiMSJ9",
          "dependencies": [
            "data.yandex_compute_image.my-ubuntu-2004-1",
            "yandex_vpc_network.my-nw-1",
            "yandex_vpc_subnet.my-sn-1"
          ]
        }
      ]
    },
    {
      "mode": "managed",
      "type": "yandex_vpc_network",
      "name": "my-nw-1",
      "provider": "provider[\"registry.terraform.io/yandex-cloud/yandex\"]",
      "instances": [
        {
          "schema_version": 0,
          "attributes": {
            "created_at": "2023-11-12T15:02:35Z",
            "default_security_group_id": "enp1hgual4dv5j7sflam",
            "description": "",
            "folder_id": "b1gcd0u555lhjecu216h",
            "id": "enp7fd2h4m8vcetdoacd",
            "labels": {},
            "name": "my-nw-1",
            "subnet_ids": [],
            "timeouts": null
          },
          "sensitive_attributes": [],
          "private": "eyJlMmJmYjczMC1lY2FhLTExZTYtOGY4OC0zNDM2M2JjN2M0YzAiOnsiY3JlYXRlIjo2MDAwMDAwMDAwMCwiZGVsZXRlIjo2MDAwMDAwMDAwMCwidXBkYXRlIjo2MDAwMDAwMDAwMH19"
        }
      ]
    },
    {
      "mode": "managed",
      "type": "yandex_vpc_subnet",
      "name": "my-sn-1",
      "provider": "provider[\"registry.terraform.io/yandex-cloud/yandex\"]",
      "instances": [
        {
          "schema_version": 0,
          "attributes": {
            "created_at": "2023-11-12T15:02:39Z",
            "description": "",
            "dhcp_options": [],
            "folder_id": "b1gcd0u555lhjecu216h",
            "id": "e9b5hedrqhbudrhl1gjp",
            "labels": {},
            "name": "",
            "network_id": "enp7fd2h4m8vcetdoacd",
            "route_table_id": "",
            "timeouts": null,
            "v4_cidr_blocks": [
              "192.168.10.0/24"
            ],
            "v6_cidr_blocks": [],
            "zone": "ru-central1-a"
          },
          "sensitive_attributes": [],
          "private": "eyJlMmJmYjczMC1lY2FhLTExZTYtOGY4OC0zNDM2M2JjN2M0YzAiOnsiY3JlYXRlIjoxODAwMDAwMDAwMDAsImRlbGV0ZSI6MTgwMDAwMDAwMDAwLCJ1cGRhdGUiOjE4MDAwMDAwMDAwMH19",
          "dependencies": [
            "yandex_vpc_network.my-nw-1"
          ]
        }
      ]
    }
  ],
  "check_results": null
}
