{
  "version": 4,
  "terraform_version": "1.6.4",
  "serial": 165,
  "lineage": "e918a937-397e-2543-9601-1dd7c5d18ea4",
  "outputs": {
    "external_ip_address_vm_1": {
      "value": "158.160.51.201",
      "type": "string"
    },
    "internal_ip_address_vm_1": {
      "value": "192.168.10.14",
      "type": "string"
    }
  },
  "resources": [
    {
      "mode": "data",
      "type": "yandex_compute_image",
      "name": "my-ubuntu-2004-1",
      "provider": "provider[\"registry.terraform.io/yandex-cloud/yandex\"]",
      "instances": [
        {
          "schema_version": 0,
          "attributes": {
            "created_at": "2023-11-27T10:53:23Z",
            "description": "ubuntu 20.04 lts",
            "family": "ubuntu-2004-lts",
            "folder_id": "standard-images",
            "id": "fd8b6qcrqbaqtnuumbph",
            "image_id": "fd8b6qcrqbaqtnuumbph",
            "labels": {},
            "min_disk_size": 5,
            "name": "ubuntu-20-04-lts-v20231127",
            "os_type": "linux",
            "pooled": true,
            "product_ids": [
              "f2edjaaou81nlio0t33s"
            ],
            "size": 4,
            "status": "ready"
          },
          "sensitive_attributes": []
        }
      ]
    },
    {
      "mode": "managed",
      "type": "yandex_compute_instance",
      "name": "my-vm-1",
      "provider": "provider[\"registry.terraform.io/yandex-cloud/yandex\"]",
      "instances": [
        {
          "schema_version": 1,
          "attributes": {
            "allow_recreate": null,
            "allow_stopping_for_update": null,
            "boot_disk": [
              {
                "auto_delete": true,
                "device_name": "fhmo26aqo7ufs7jogjqq",
                "disk_id": "fhmo26aqo7ufs7jogjqq",
                "initialize_params": [
                  {
                    "block_size": 4096,
                    "description": "",
                    "image_id": "fd8b6qcrqbaqtnuumbph",
                    "name": "",
                    "size": 5,
                    "snapshot_id": "",
                    "type": "network-hdd"
                  }
                ],
                "mode": "READ_WRITE"
              }
            ],
            "created_at": "2023-11-29T11:45:18Z",
            "description": "",
            "filesystem": [],
            "folder_id": "b1gvpp8v41quq0et54st",
            "fqdn": "fhmkc465jufnhc9cuoik.auto.internal",
            "gpu_cluster_id": "",
            "hostname": "",
            "id": "fhmkc465jufnhc9cuoik",
            "labels": null,
            "local_disk": [],
            "metadata": {
              "ssh-keys": "ubuntu:ssh-rsa AAAAB3NzaC1yc2EAAAADAQABAAABgQC3zEJ8HX6aMYzGwaDj0sttBqQ1DGXZBg6Rvgt/75XfQ63e+0B5rWAtu+7pispbgEGbSt150tBbYP4fq/iQrVpyWT+vFSCeLp2SGSgIDi7zFlBHHXPcanAp26vOuW+Adkj/kcEJdklsQSVk6UxIXVBWFfGPLtRNtbpXCRFPfRGN+RoVhK5lQvex4wGJrnYRO8SMIpt8rZhJMAyrjFX4PQspqPNnimW2LnlMMwPybosrPLlsUYOr6qwrPyG0N96MfGx34HzVMCYbhSPoKVi/s/FFkmIX8zMopuHK3rrSVO7JNbm1eNbwmyjy1akWedojVwfq98QRwruinj16dVcmzaWmxZCLrAX0mIKjFdKFUvv6WMt5Hh3/wpUhlSHdnqhfV1ARCP//YgcHeomf7Pb3g/fFKeHzWQ5uYMqv4hsLoC+0SCRhzW3ZrTPZ8nAUXrZIBTw1tK6QdKbH4kB05nswRFS05nDOBeX0HoLxvZk2NGzt5F8QSifHFd5Z3ijDgpUr9pE= afro@afro-HP-EliteBook-850-G4\n",
              "user-data": "# #!/bin/bash\r\n\r\n# sudo apt update\r\n# sudo apt install nginx -y\r\n# sudo systemctl enable nginx"
            },
            "metadata_options": [
              {
                "aws_v1_http_endpoint": 1,
                "aws_v1_http_token": 2,
                "gce_http_endpoint": 1,
                "gce_http_token": 1
              }
            ],
            "name": "test-vm-1",
            "network_acceleration_type": "standard",
            "network_interface": [
              {
                "dns_record": [],
                "index": 0,
                "ip_address": "192.168.10.14",
                "ipv4": true,
                "ipv6": false,
                "ipv6_address": "",
                "ipv6_dns_record": [],
                "mac_address": "d0:0d:14:61:0c:59",
                "nat": true,
                "nat_dns_record": [],
                "nat_ip_address": "158.160.51.201",
                "nat_ip_version": "IPV4",
                "security_group_ids": [],
                "subnet_id": "e9bsdnbqn3b772q98017"
              }
            ],
            "placement_policy": [
              {
                "host_affinity_rules": [],
                "placement_group_id": ""
              }
            ],
            "platform_id": "standard-v2",
            "resources": [
              {
                "core_fraction": 20,
                "cores": 2,
                "gpus": 0,
                "memory": 1
              }
            ],
            "scheduling_policy": [
              {
                "preemptible": false
              }
            ],
            "secondary_disk": [],
            "service_account_id": "",
            "status": "running",
            "timeouts": null,
            "zone": "ru-central1-a"
          },
          "sensitive_attributes": [],
          "private": "eyJlMmJmYjczMC1lY2FhLTExZTYtOGY4OC0zNDM2M2JjN2M0YzAiOnsiY3JlYXRlIjozMDAwMDAwMDAwMDAsImRlbGV0ZSI6MzAwMDAwMDAwMDAwLCJ1cGRhdGUiOjMwMDAwMDAwMDAwMH0sInNjaGVtYV92ZXJzaW9uIjoiMSJ9",
          "dependencies": [
            "data.yandex_compute_image.my-ubuntu-2004-1",
            "yandex_vpc_network.my-nw-1",
            "yandex_vpc_subnet.my-sn-1"
          ]
        }
      ]
    },
    {
      "mode": "managed",
      "type": "yandex_vpc_network",
      "name": "my-nw-1",
      "provider": "provider[\"registry.terraform.io/yandex-cloud/yandex\"]",
      "instances": [
        {
          "schema_version": 0,
          "attributes": {
            "created_at": "2023-11-29T11:45:13Z",
            "default_security_group_id": "enppu1rg61ju7vlbe9aq",
            "description": "",
            "folder_id": "b1gvpp8v41quq0et54st",
            "id": "enp04b3pf15ef6ofli9i",
            "labels": {},
            "name": "my-nw-1",
            "subnet_ids": [],
            "timeouts": null
          },
          "sensitive_attributes": [],
          "private": "eyJlMmJmYjczMC1lY2FhLTExZTYtOGY4OC0zNDM2M2JjN2M0YzAiOnsiY3JlYXRlIjo2MDAwMDAwMDAwMCwiZGVsZXRlIjo2MDAwMDAwMDAwMCwidXBkYXRlIjo2MDAwMDAwMDAwMH19"
        }
      ]
    },
    {
      "mode": "managed",
      "type": "yandex_vpc_subnet",
      "name": "my-sn-1",
      "provider": "provider[\"registry.terraform.io/yandex-cloud/yandex\"]",
      "instances": [
        {
          "schema_version": 0,
          "attributes": {
            "created_at": "2023-11-29T11:45:17Z",
            "description": "",
            "dhcp_options": [],
            "folder_id": "b1gvpp8v41quq0et54st",
            "id": "e9bsdnbqn3b772q98017",
            "labels": {},
            "name": "",
            "network_id": "enp04b3pf15ef6ofli9i",
            "route_table_id": "",
            "timeouts": null,
            "v4_cidr_blocks": [
              "192.168.10.0/24"
            ],
            "v6_cidr_blocks": [],
            "zone": "ru-central1-a"
          },
          "sensitive_attributes": [],
          "private": "eyJlMmJmYjczMC1lY2FhLTExZTYtOGY4OC0zNDM2M2JjN2M0YzAiOnsiY3JlYXRlIjoxODAwMDAwMDAwMDAsImRlbGV0ZSI6MTgwMDAwMDAwMDAwLCJ1cGRhdGUiOjE4MDAwMDAwMDAwMH19",
          "dependencies": [
            "yandex_vpc_network.my-nw-1"
          ]
        }
      ]
    }
  ],
  "check_results": null
}
